
Microsoft Visual Studio Solution File, Format Version 12.00
# Visual Studio Version 16
VisualStudioVersion = 16.0.31402.337
MinimumVisualStudioVersion = 10.0.40219.1
Project("{F184B08F-C81C-45F6-A57F-5ABD9991F28F}") = "TestingSite", "TestingSite\TestingSite.vbproj", "{6E5ADF79-B6C1-4F2F-872E-27E231EB288E}"
EndProject
Global
	GlobalSection(SolutionConfigurationPlatforms) = preSolution
		Debug|Any CPU = Debug|Any CPU
		Release|Any CPU = Release|Any CPU
	EndGlobalSection
	GlobalSection(ProjectConfigurationPlatforms) = postSolution
		{6E5ADF79-B6C1-4F2F-872E-27E231EB288E}.Debug|Any CPU.ActiveCfg = Debug|Any CPU
		{6E5ADF79-B6C1-4F2F-872E-27E231EB288E}.Debug|Any CPU.Build.0 = Debug|Any CPU
		{6E5ADF79-B6C1-4F2F-872E-27E231EB288E}.Release|Any CPU.ActiveCfg = Release|Any CPU
		{6E5ADF79-B6C1-4F2F-872E-27E231EB288E}.Release|Any CPU.Build.0 = Release|Any CPU
	EndGlobalSection
	GlobalSection(SolutionProperties) = preSolution
		HideSolutionNode = FALSE
	EndGlobalSection
	GlobalSection(ExtensibilityGlobals) = postSolution
		SolutionGuid = {C8DF0063-662F-47D7-98ED-97569C8C06E6}
	EndGlobalSection
EndGlobal
