
Microsoft Visual Studio Solution File, Format Version 12.00
# Visual Studio Version 16
VisualStudioVersion = 16.0.31402.337
MinimumVisualStudioVersion = 10.0.40219.1
Project("{F184B08F-C81C-45F6-A57F-5ABD9991F28F}") = "Capitec Bank", "Capitec Bank\Capitec Bank.vbproj", "{CF653AE9-6E95-4A3D-81F7-F0DE8D5A69C1}"
EndProject
Global
	GlobalSection(SolutionConfigurationPlatforms) = preSolution
		Debug|Any CPU = Debug|Any CPU
		Release|Any CPU = Release|Any CPU
	EndGlobalSection
	GlobalSection(ProjectConfigurationPlatforms) = postSolution
		{CF653AE9-6E95-4A3D-81F7-F0DE8D5A69C1}.Debug|Any CPU.ActiveCfg = Debug|Any CPU
		{CF653AE9-6E95-4A3D-81F7-F0DE8D5A69C1}.Debug|Any CPU.Build.0 = Debug|Any CPU
		{CF653AE9-6E95-4A3D-81F7-F0DE8D5A69C1}.Release|Any CPU.ActiveCfg = Release|Any CPU
		{CF653AE9-6E95-4A3D-81F7-F0DE8D5A69C1}.Release|Any CPU.Build.0 = Release|Any CPU
	EndGlobalSection
	GlobalSection(SolutionProperties) = preSolution
		HideSolutionNode = FALSE
	EndGlobalSection
	GlobalSection(ExtensibilityGlobals) = postSolution
		SolutionGuid = {27B06C04-7BEC-4C74-863B-3DFCF516AAC8}
	EndGlobalSection
EndGlobal
