
Microsoft Visual Studio Solution File, Format Version 12.00
# Visual Studio Version 16
VisualStudioVersion = 16.0.31402.337
MinimumVisualStudioVersion = 10.0.40219.1
Project("{F184B08F-C81C-45F6-A57F-5ABD9991F28F}") = "IDMonthFinder", "IDMonthFinder\IDMonthFinder.vbproj", "{63F4A6E1-EFCD-411F-A2C3-0BD46A803CB4}"
EndProject
Global
	GlobalSection(SolutionConfigurationPlatforms) = preSolution
		Debug|Any CPU = Debug|Any CPU
		Release|Any CPU = Release|Any CPU
	EndGlobalSection
	GlobalSection(ProjectConfigurationPlatforms) = postSolution
		{63F4A6E1-EFCD-411F-A2C3-0BD46A803CB4}.Debug|Any CPU.ActiveCfg = Debug|Any CPU
		{63F4A6E1-EFCD-411F-A2C3-0BD46A803CB4}.Debug|Any CPU.Build.0 = Debug|Any CPU
		{63F4A6E1-EFCD-411F-A2C3-0BD46A803CB4}.Release|Any CPU.ActiveCfg = Release|Any CPU
		{63F4A6E1-EFCD-411F-A2C3-0BD46A803CB4}.Release|Any CPU.Build.0 = Release|Any CPU
	EndGlobalSection
	GlobalSection(SolutionProperties) = preSolution
		HideSolutionNode = FALSE
	EndGlobalSection
	GlobalSection(ExtensibilityGlobals) = postSolution
		SolutionGuid = {F2113D6E-B415-47C4-B027-69E82FE2B6C9}
	EndGlobalSection
EndGlobal
